
Microsoft Visual Studio Solution File, Format Version 12.00
# Visual Studio Version 16
VisualStudioVersion = 16.0.31424.327
MinimumVisualStudioVersion = 10.0.40219.1
Project("{9A19103F-16F7-4668-BE54-9A1E7A4F7556}") = "Beis.HelpToGrow.Core", "Beis.HelpToGrow.Core\Beis.HelpToGrow.Core.csproj", "{CDDACDCC-F9CD-4466-8B46-DE714A80BB5B}"
EndProject
Project("{9A19103F-16F7-4668-BE54-9A1E7A4F7556}") = "Beis.HelpToGrow.Web", "Beis.HelpToGrow.Web\Beis.HelpToGrow.Web.csproj", "{F32FF819-D8EA-41DC-ABAF-2F44A1F072AA}"
EndProject
Project("{9A19103F-16F7-4668-BE54-9A1E7A4F7556}") = "Beis.HelpToGrow.Tests", "Beis.HelpToGrow.Tests\Beis.HelpToGrow.Tests.csproj", "{EC8C0C28-3BEB-432A-8FFB-AF4807F2FF07}"
EndProject
Global
	GlobalSection(SolutionConfigurationPlatforms) = preSolution
		Debug|Any CPU = Debug|Any CPU
		Release|Any CPU = Release|Any CPU
	EndGlobalSection
	GlobalSection(ProjectConfigurationPlatforms) = postSolution
		{CDDACDCC-F9CD-4466-8B46-DE714A80BB5B}.Debug|Any CPU.ActiveCfg = Debug|Any CPU
		{CDDACDCC-F9CD-4466-8B46-DE714A80BB5B}.Debug|Any CPU.Build.0 = Debug|Any CPU
		{CDDACDCC-F9CD-4466-8B46-DE714A80BB5B}.Release|Any CPU.ActiveCfg = Release|Any CPU
		{CDDACDCC-F9CD-4466-8B46-DE714A80BB5B}.Release|Any CPU.Build.0 = Release|Any CPU
		{F32FF819-D8EA-41DC-ABAF-2F44A1F072AA}.Debug|Any CPU.ActiveCfg = Debug|Any CPU
		{F32FF819-D8EA-41DC-ABAF-2F44A1F072AA}.Debug|Any CPU.Build.0 = Debug|Any CPU
		{F32FF819-D8EA-41DC-ABAF-2F44A1F072AA}.Release|Any CPU.ActiveCfg = Release|Any CPU
		{F32FF819-D8EA-41DC-ABAF-2F44A1F072AA}.Release|Any CPU.Build.0 = Release|Any CPU
		{EC8C0C28-3BEB-432A-8FFB-AF4807F2FF07}.Debug|Any CPU.ActiveCfg = Debug|Any CPU
		{EC8C0C28-3BEB-432A-8FFB-AF4807F2FF07}.Debug|Any CPU.Build.0 = Debug|Any CPU
		{EC8C0C28-3BEB-432A-8FFB-AF4807F2FF07}.Release|Any CPU.ActiveCfg = Release|Any CPU
		{EC8C0C28-3BEB-432A-8FFB-AF4807F2FF07}.Release|Any CPU.Build.0 = Release|Any CPU
	EndGlobalSection
	GlobalSection(SolutionProperties) = preSolution
		HideSolutionNode = FALSE
	EndGlobalSection
	GlobalSection(ExtensibilityGlobals) = postSolution
		SolutionGuid = {E6EA1D54-2BC7-4DA8-8936-E9F0802D5D27}
	EndGlobalSection
EndGlobal
